// !$*UTF8*$!
{
	archiveVersion = 1;
	classes = {
	};
	objectVersion = 46;
	objects = {

/* Begin PBXAggregateTarget section */
		"StatKit::StatKitPackageTests::ProductTarget" /* StatKitPackageTests */ = {
			isa = PBXAggregateTarget;
			buildConfigurationList = OBJ_73 /* Build configuration list for PBXAggregateTarget "StatKitPackageTests" */;
			buildPhases = (
			);
			dependencies = (
				OBJ_76 /* PBXTargetDependency */,
			);
			name = StatKitPackageTests;
			productName = StatKitPackageTests;
		};
/* End PBXAggregateTarget section */

/* Begin PBXBuildFile section */
		7F80B6BF24C4A5CB0057FA07 /* RankingStrategy.swift in Sources */ = {isa = PBXBuildFile; fileRef = 7F80B6BE24C4A5CB0057FA07 /* RankingStrategy.swift */; };
		7F80B6C124C4A6880057FA07 /* FractionalRanker.swift in Sources */ = {isa = PBXBuildFile; fileRef = 7F80B6C024C4A6880057FA07 /* FractionalRanker.swift */; };
		7FD8FB0D24C4AB9F0060E865 /* FractionalRankingTests.swift in Sources */ = {isa = PBXBuildFile; fileRef = 7FD8FB0C24C4AB9F0060E865 /* FractionalRankingTests.swift */; };
		OBJ_53 /* DataSetComposition.swift in Sources */ = {isa = PBXBuildFile; fileRef = OBJ_9 /* DataSetComposition.swift */; };
		OBJ_54 /* Correlation.swift in Sources */ = {isa = PBXBuildFile; fileRef = OBJ_12 /* Correlation.swift */; };
		OBJ_55 /* LinearCorrelationMethod.swift in Sources */ = {isa = PBXBuildFile; fileRef = OBJ_14 /* LinearCorrelationMethod.swift */; };
		OBJ_56 /* PearsonsProductMomentCalculator.swift in Sources */ = {isa = PBXBuildFile; fileRef = OBJ_15 /* PearsonsProductMomentCalculator.swift */; };
		OBJ_57 /* RankCorrelationMethod.swift in Sources */ = {isa = PBXBuildFile; fileRef = OBJ_17 /* RankCorrelationMethod.swift */; };
		OBJ_58 /* SpearmansRhoCalculator.swift in Sources */ = {isa = PBXBuildFile; fileRef = OBJ_18 /* SpearmansRhoCalculator.swift */; };
		OBJ_59 /* Averages.swift in Sources */ = {isa = PBXBuildFile; fileRef = OBJ_20 /* Averages.swift */; };
		OBJ_60 /* MeanType.swift in Sources */ = {isa = PBXBuildFile; fileRef = OBJ_21 /* MeanType.swift */; };
		OBJ_61 /* Ranking.swift in Sources */ = {isa = PBXBuildFile; fileRef = OBJ_23 /* Ranking.swift */; };
		OBJ_62 /* Summation.swift in Sources */ = {isa = PBXBuildFile; fileRef = OBJ_25 /* Summation.swift */; };
		OBJ_63 /* Variability.swift in Sources */ = {isa = PBXBuildFile; fileRef = OBJ_27 /* Variability.swift */; };
		OBJ_64 /* ConvertibleToReal.swift in Sources */ = {isa = PBXBuildFile; fileRef = OBJ_29 /* ConvertibleToReal.swift */; };
		OBJ_71 /* Package.swift in Sources */ = {isa = PBXBuildFile; fileRef = OBJ_6 /* Package.swift */; };
		OBJ_82 /* AveragesTests.swift in Sources */ = {isa = PBXBuildFile; fileRef = OBJ_33 /* AveragesTests.swift */; };
		OBJ_83 /* CovarianceTests.swift in Sources */ = {isa = PBXBuildFile; fileRef = OBJ_34 /* CovarianceTests.swift */; };
		OBJ_84 /* LinearCorrelationTests.swift in Sources */ = {isa = PBXBuildFile; fileRef = OBJ_35 /* LinearCorrelationTests.swift */; };
		OBJ_85 /* RankCorrelationTests.swift in Sources */ = {isa = PBXBuildFile; fileRef = OBJ_36 /* RankCorrelationTests.swift */; };
		OBJ_86 /* SummationTests.swift in Sources */ = {isa = PBXBuildFile; fileRef = OBJ_37 /* SummationTests.swift */; };
		OBJ_87 /* VariabilityTests.swift in Sources */ = {isa = PBXBuildFile; fileRef = OBJ_38 /* VariabilityTests.swift */; };
		OBJ_88 /* XCTestManifests.swift in Sources */ = {isa = PBXBuildFile; fileRef = OBJ_39 /* XCTestManifests.swift */; };
		OBJ_90 /* StatKit.framework in Frameworks */ = {isa = PBXBuildFile; fileRef = "StatKit::StatKit::Product" /* StatKit.framework */; };
/* End PBXBuildFile section */

/* Begin PBXContainerItemProxy section */
		7F04AAED24C4781400DA4BAC /* PBXContainerItemProxy */ = {
			isa = PBXContainerItemProxy;
			containerPortal = OBJ_1 /* Project object */;
			proxyType = 1;
			remoteGlobalIDString = "StatKit::StatKit";
			remoteInfo = StatKit;
		};
		7F04AAEE24C4781600DA4BAC /* PBXContainerItemProxy */ = {
			isa = PBXContainerItemProxy;
			containerPortal = OBJ_1 /* Project object */;
			proxyType = 1;
			remoteGlobalIDString = "StatKit::StatKitTests";
			remoteInfo = StatKitTests;
		};
/* End PBXContainerItemProxy section */

/* Begin PBXFileReference section */
		7F80B6BE24C4A5CB0057FA07 /* RankingStrategy.swift */ = {isa = PBXFileReference; lastKnownFileType = sourcecode.swift; path = RankingStrategy.swift; sourceTree = "<group>"; };
		7F80B6C024C4A6880057FA07 /* FractionalRanker.swift */ = {isa = PBXFileReference; lastKnownFileType = sourcecode.swift; path = FractionalRanker.swift; sourceTree = "<group>"; };
		7FD8FB0C24C4AB9F0060E865 /* FractionalRankingTests.swift */ = {isa = PBXFileReference; lastKnownFileType = sourcecode.swift; path = FractionalRankingTests.swift; sourceTree = "<group>"; };
		OBJ_12 /* Correlation.swift */ = {isa = PBXFileReference; lastKnownFileType = sourcecode.swift; path = Correlation.swift; sourceTree = "<group>"; };
		OBJ_14 /* LinearCorrelationMethod.swift */ = {isa = PBXFileReference; lastKnownFileType = sourcecode.swift; path = LinearCorrelationMethod.swift; sourceTree = "<group>"; };
		OBJ_15 /* PearsonsProductMomentCalculator.swift */ = {isa = PBXFileReference; lastKnownFileType = sourcecode.swift; path = PearsonsProductMomentCalculator.swift; sourceTree = "<group>"; };
		OBJ_17 /* RankCorrelationMethod.swift */ = {isa = PBXFileReference; lastKnownFileType = sourcecode.swift; path = RankCorrelationMethod.swift; sourceTree = "<group>"; };
		OBJ_18 /* SpearmansRhoCalculator.swift */ = {isa = PBXFileReference; lastKnownFileType = sourcecode.swift; path = SpearmansRhoCalculator.swift; sourceTree = "<group>"; };
		OBJ_20 /* Averages.swift */ = {isa = PBXFileReference; lastKnownFileType = sourcecode.swift; path = Averages.swift; sourceTree = "<group>"; };
		OBJ_21 /* MeanType.swift */ = {isa = PBXFileReference; lastKnownFileType = sourcecode.swift; path = MeanType.swift; sourceTree = "<group>"; };
		OBJ_23 /* Ranking.swift */ = {isa = PBXFileReference; lastKnownFileType = sourcecode.swift; path = Ranking.swift; sourceTree = "<group>"; };
		OBJ_25 /* Summation.swift */ = {isa = PBXFileReference; lastKnownFileType = sourcecode.swift; path = Summation.swift; sourceTree = "<group>"; };
		OBJ_27 /* Variability.swift */ = {isa = PBXFileReference; lastKnownFileType = sourcecode.swift; path = Variability.swift; sourceTree = "<group>"; };
		OBJ_29 /* ConvertibleToReal.swift */ = {isa = PBXFileReference; lastKnownFileType = sourcecode.swift; path = ConvertibleToReal.swift; sourceTree = "<group>"; };
		OBJ_33 /* AveragesTests.swift */ = {isa = PBXFileReference; lastKnownFileType = sourcecode.swift; path = AveragesTests.swift; sourceTree = "<group>"; };
		OBJ_34 /* CovarianceTests.swift */ = {isa = PBXFileReference; lastKnownFileType = sourcecode.swift; path = CovarianceTests.swift; sourceTree = "<group>"; };
		OBJ_35 /* LinearCorrelationTests.swift */ = {isa = PBXFileReference; lastKnownFileType = sourcecode.swift; path = LinearCorrelationTests.swift; sourceTree = "<group>"; };
		OBJ_36 /* RankCorrelationTests.swift */ = {isa = PBXFileReference; lastKnownFileType = sourcecode.swift; path = RankCorrelationTests.swift; sourceTree = "<group>"; };
		OBJ_37 /* SummationTests.swift */ = {isa = PBXFileReference; lastKnownFileType = sourcecode.swift; path = SummationTests.swift; sourceTree = "<group>"; };
		OBJ_38 /* VariabilityTests.swift */ = {isa = PBXFileReference; lastKnownFileType = sourcecode.swift; path = VariabilityTests.swift; sourceTree = "<group>"; };
		OBJ_39 /* XCTestManifests.swift */ = {isa = PBXFileReference; lastKnownFileType = sourcecode.swift; path = XCTestManifests.swift; sourceTree = "<group>"; };
		OBJ_43 /* DerivedData */ = {isa = PBXFileReference; lastKnownFileType = folder; path = DerivedData; sourceTree = SOURCE_ROOT; };
		OBJ_44 /* StatKit Logo.png */ = {isa = PBXFileReference; lastKnownFileType = image.png; path = "StatKit Logo.png"; sourceTree = "<group>"; };
		OBJ_45 /* LICENSE */ = {isa = PBXFileReference; lastKnownFileType = text; path = LICENSE; sourceTree = "<group>"; };
		OBJ_46 /* README.md */ = {isa = PBXFileReference; lastKnownFileType = net.daringfireball.markdown; path = README.md; sourceTree = "<group>"; };
		OBJ_47 /* StatKit.podspec */ = {isa = PBXFileReference; lastKnownFileType = text; path = StatKit.podspec; sourceTree = "<group>"; };
		OBJ_6 /* Package.swift */ = {isa = PBXFileReference; explicitFileType = sourcecode.swift; path = Package.swift; sourceTree = "<group>"; };
		OBJ_9 /* DataSetComposition.swift */ = {isa = PBXFileReference; lastKnownFileType = sourcecode.swift; path = DataSetComposition.swift; sourceTree = "<group>"; };
		"StatKit::StatKit::Product" /* StatKit.framework */ = {isa = PBXFileReference; explicitFileType = wrapper.framework; path = StatKit.framework; sourceTree = BUILT_PRODUCTS_DIR; };
		"StatKit::StatKitTests::Product" /* StatKitTests.xctest */ = {isa = PBXFileReference; explicitFileType = wrapper.cfbundle; path = StatKitTests.xctest; sourceTree = BUILT_PRODUCTS_DIR; };
/* End PBXFileReference section */

/* Begin PBXFrameworksBuildPhase section */
		OBJ_65 /* Frameworks */ = {
			isa = PBXFrameworksBuildPhase;
			buildActionMask = 0;
			files = (
			);
			runOnlyForDeploymentPostprocessing = 0;
		};
		OBJ_89 /* Frameworks */ = {
			isa = PBXFrameworksBuildPhase;
			buildActionMask = 0;
			files = (
				OBJ_90 /* StatKit.framework in Frameworks */,
			);
			runOnlyForDeploymentPostprocessing = 0;
		};
/* End PBXFrameworksBuildPhase section */

/* Begin PBXGroup section */
		OBJ_10 /* Descriptive Statistics */ = {
			isa = PBXGroup;
			children = (
				OBJ_11 /* Association */,
				OBJ_19 /* Central Tendency */,
				OBJ_22 /* Ranking */,
				OBJ_24 /* Summation */,
				OBJ_26 /* Variability */,
			);
			path = "Descriptive Statistics";
			sourceTree = "<group>";
		};
		OBJ_11 /* Association */ = {
			isa = PBXGroup;
			children = (
				OBJ_12 /* Correlation.swift */,
				OBJ_13 /* Linear Correlation */,
				OBJ_16 /* Rank Correlation */,
			);
			path = Association;
			sourceTree = "<group>";
		};
		OBJ_13 /* Linear Correlation */ = {
			isa = PBXGroup;
			children = (
				OBJ_14 /* LinearCorrelationMethod.swift */,
				OBJ_15 /* PearsonsProductMomentCalculator.swift */,
			);
			path = "Linear Correlation";
			sourceTree = "<group>";
		};
		OBJ_16 /* Rank Correlation */ = {
			isa = PBXGroup;
			children = (
				OBJ_17 /* RankCorrelationMethod.swift */,
				OBJ_18 /* SpearmansRhoCalculator.swift */,
			);
			path = "Rank Correlation";
			sourceTree = "<group>";
		};
		OBJ_19 /* Central Tendency */ = {
			isa = PBXGroup;
			children = (
				OBJ_20 /* Averages.swift */,
				OBJ_21 /* MeanType.swift */,
			);
			path = "Central Tendency";
			sourceTree = "<group>";
		};
		OBJ_22 /* Ranking */ = {
			isa = PBXGroup;
			children = (
				OBJ_23 /* Ranking.swift */,
				7F80B6BE24C4A5CB0057FA07 /* RankingStrategy.swift */,
				7F80B6C024C4A6880057FA07 /* FractionalRanker.swift */,
			);
			path = Ranking;
			sourceTree = "<group>";
		};
		OBJ_24 /* Summation */ = {
			isa = PBXGroup;
			children = (
				OBJ_25 /* Summation.swift */,
			);
			path = Summation;
			sourceTree = "<group>";
		};
		OBJ_26 /* Variability */ = {
			isa = PBXGroup;
			children = (
				OBJ_27 /* Variability.swift */,
			);
			path = Variability;
			sourceTree = "<group>";
		};
		OBJ_28 /* Protocols */ = {
			isa = PBXGroup;
			children = (
				OBJ_29 /* ConvertibleToReal.swift */,
			);
			path = Protocols;
			sourceTree = "<group>";
		};
		OBJ_30 /* Tests */ = {
			isa = PBXGroup;
			children = (
				OBJ_31 /* StatKitTests */,
			);
			name = Tests;
			sourceTree = SOURCE_ROOT;
		};
		OBJ_31 /* StatKitTests */ = {
			isa = PBXGroup;
			children = (
				OBJ_32 /* Descriptive Statistics Tests */,
				OBJ_39 /* XCTestManifests.swift */,
			);
			name = StatKitTests;
			path = Tests/StatKitTests;
			sourceTree = SOURCE_ROOT;
		};
		OBJ_32 /* Descriptive Statistics Tests */ = {
			isa = PBXGroup;
			children = (
				OBJ_33 /* AveragesTests.swift */,
				OBJ_34 /* CovarianceTests.swift */,
				OBJ_35 /* LinearCorrelationTests.swift */,
				OBJ_36 /* RankCorrelationTests.swift */,
				OBJ_37 /* SummationTests.swift */,
				OBJ_38 /* VariabilityTests.swift */,
				7FD8FB0C24C4AB9F0060E865 /* FractionalRankingTests.swift */,
			);
			path = "Descriptive Statistics Tests";
			sourceTree = "<group>";
		};
		OBJ_40 /* Products */ = {
			isa = PBXGroup;
			children = (
				"StatKit::StatKitTests::Product" /* StatKitTests.xctest */,
				"StatKit::StatKit::Product" /* StatKit.framework */,
			);
			name = Products;
			sourceTree = BUILT_PRODUCTS_DIR;
		};
		OBJ_5 = {
			isa = PBXGroup;
			children = (
				OBJ_6 /* Package.swift */,
				OBJ_7 /* Sources */,
				OBJ_30 /* Tests */,
				OBJ_40 /* Products */,
				OBJ_43 /* DerivedData */,
				OBJ_44 /* StatKit Logo.png */,
				OBJ_45 /* LICENSE */,
				OBJ_46 /* README.md */,
				OBJ_47 /* StatKit.podspec */,
			);
			sourceTree = "<group>";
		};
		OBJ_7 /* Sources */ = {
			isa = PBXGroup;
			children = (
				OBJ_8 /* StatKit */,
			);
			name = Sources;
			sourceTree = SOURCE_ROOT;
		};
		OBJ_8 /* StatKit */ = {
			isa = PBXGroup;
			children = (
				OBJ_9 /* DataSetComposition.swift */,
				OBJ_10 /* Descriptive Statistics */,
				OBJ_28 /* Protocols */,
			);
			name = StatKit;
			path = Sources/StatKit;
			sourceTree = SOURCE_ROOT;
		};
/* End PBXGroup section */

/* Begin PBXNativeTarget section */
		"StatKit::StatKit" /* StatKit */ = {
			isa = PBXNativeTarget;
			buildConfigurationList = OBJ_49 /* Build configuration list for PBXNativeTarget "StatKit" */;
			buildPhases = (
				7F04AAEF24C478DE00DA4BAC /* Generate Linux Test Main */,
				7F04AAF024C47AFD00DA4BAC /* ShellScript */,
				OBJ_52 /* Sources */,
				OBJ_65 /* Frameworks */,
			);
			buildRules = (
			);
			dependencies = (
			);
			name = StatKit;
			productName = StatKit;
			productReference = "StatKit::StatKit::Product" /* StatKit.framework */;
			productType = "com.apple.product-type.framework";
		};
		"StatKit::StatKitTests" /* StatKitTests */ = {
			isa = PBXNativeTarget;
			buildConfigurationList = OBJ_78 /* Build configuration list for PBXNativeTarget "StatKitTests" */;
			buildPhases = (
				OBJ_81 /* Sources */,
				OBJ_89 /* Frameworks */,
			);
			buildRules = (
			);
			dependencies = (
				OBJ_91 /* PBXTargetDependency */,
			);
			name = StatKitTests;
			productName = StatKitTests;
			productReference = "StatKit::StatKitTests::Product" /* StatKitTests.xctest */;
			productType = "com.apple.product-type.bundle.unit-test";
		};
		"StatKit::SwiftPMPackageDescription" /* StatKitPackageDescription */ = {
			isa = PBXNativeTarget;
			buildConfigurationList = OBJ_67 /* Build configuration list for PBXNativeTarget "StatKitPackageDescription" */;
			buildPhases = (
				OBJ_70 /* Sources */,
			);
			buildRules = (
			);
			dependencies = (
			);
			name = StatKitPackageDescription;
			productName = StatKitPackageDescription;
			productType = "com.apple.product-type.framework";
		};
/* End PBXNativeTarget section */

/* Begin PBXProject section */
		OBJ_1 /* Project object */ = {
			isa = PBXProject;
			attributes = {
				LastSwiftMigration = 9999;
				LastUpgradeCheck = 9999;
				TargetAttributes = {
					"StatKit::StatKit" = {
						ProvisioningStyle = Automatic;
					};
				};
			};
			buildConfigurationList = OBJ_2 /* Build configuration list for PBXProject "StatKit" */;
			compatibilityVersion = "Xcode 3.2";
			developmentRegion = en;
			hasScannedForEncodings = 0;
			knownRegions = (
				en,
			);
			mainGroup = OBJ_5;
			productRefGroup = OBJ_40 /* Products */;
			projectDirPath = "";
			projectRoot = "";
			targets = (
				"StatKit::StatKit" /* StatKit */,
				"StatKit::SwiftPMPackageDescription" /* StatKitPackageDescription */,
				"StatKit::StatKitPackageTests::ProductTarget" /* StatKitPackageTests */,
				"StatKit::StatKitTests" /* StatKitTests */,
			);
		};
/* End PBXProject section */

/* Begin PBXShellScriptBuildPhase section */
		7F04AAEF24C478DE00DA4BAC /* Generate Linux Test Main */ = {
			isa = PBXShellScriptBuildPhase;
			buildActionMask = 2147483647;
			files = (
			);
			inputFileListPaths = (
			);
			inputPaths = (
			);
			name = "Generate Linux Test Main";
			outputFileListPaths = (
			);
			outputPaths = (
			);
			runOnlyForDeploymentPostprocessing = 0;
			shellPath = /bin/sh;
			shellScript = "swift test --generate-linuxmain\n";
			showEnvVarsInLog = 0;
		};
		7F04AAF024C47AFD00DA4BAC /* ShellScript */ = {
			isa = PBXShellScriptBuildPhase;
			buildActionMask = 2147483647;
			files = (
			);
			inputFileListPaths = (
			);
			inputPaths = (
			);
			outputFileListPaths = (
			);
			outputPaths = (
			);
			runOnlyForDeploymentPostprocessing = 0;
			shellPath = /bin/sh;
			shellScript = "if which swiftlint >/dev/null; then\n  swiftlint\nelse\n  echo \"warning: SwiftLint not installed, download from https://github.com/realm/SwiftLint\"\nfi\n";
			showEnvVarsInLog = 0;
		};
/* End PBXShellScriptBuildPhase section */

/* Begin PBXSourcesBuildPhase section */
		OBJ_52 /* Sources */ = {
			isa = PBXSourcesBuildPhase;
			buildActionMask = 0;
			files = (
				7F80B6C124C4A6880057FA07 /* FractionalRanker.swift in Sources */,
				OBJ_53 /* DataSetComposition.swift in Sources */,
				OBJ_54 /* Correlation.swift in Sources */,
				OBJ_55 /* LinearCorrelationMethod.swift in Sources */,
				OBJ_56 /* PearsonsProductMomentCalculator.swift in Sources */,
				OBJ_57 /* RankCorrelationMethod.swift in Sources */,
				7F80B6BF24C4A5CB0057FA07 /* RankingStrategy.swift in Sources */,
				OBJ_58 /* SpearmansRhoCalculator.swift in Sources */,
				OBJ_59 /* Averages.swift in Sources */,
				OBJ_60 /* MeanType.swift in Sources */,
				OBJ_61 /* Ranking.swift in Sources */,
				OBJ_62 /* Summation.swift in Sources */,
				OBJ_63 /* Variability.swift in Sources */,
				OBJ_64 /* ConvertibleToReal.swift in Sources */,
			);
			runOnlyForDeploymentPostprocessing = 0;
		};
		OBJ_70 /* Sources */ = {
			isa = PBXSourcesBuildPhase;
			buildActionMask = 0;
			files = (
				OBJ_71 /* Package.swift in Sources */,
			);
			runOnlyForDeploymentPostprocessing = 0;
		};
		OBJ_81 /* Sources */ = {
			isa = PBXSourcesBuildPhase;
			buildActionMask = 0;
			files = (
				OBJ_82 /* AveragesTests.swift in Sources */,
				OBJ_83 /* CovarianceTests.swift in Sources */,
				OBJ_84 /* LinearCorrelationTests.swift in Sources */,
				OBJ_85 /* RankCorrelationTests.swift in Sources */,
				OBJ_86 /* SummationTests.swift in Sources */,
				OBJ_87 /* VariabilityTests.swift in Sources */,
				OBJ_88 /* XCTestManifests.swift in Sources */,
				7FD8FB0D24C4AB9F0060E865 /* FractionalRankingTests.swift in Sources */,
			);
			runOnlyForDeploymentPostprocessing = 0;
		};
/* End PBXSourcesBuildPhase section */

/* Begin PBXTargetDependency section */
		OBJ_76 /* PBXTargetDependency */ = {
			isa = PBXTargetDependency;
			target = "StatKit::StatKitTests" /* StatKitTests */;
			targetProxy = 7F04AAEE24C4781600DA4BAC /* PBXContainerItemProxy */;
		};
		OBJ_91 /* PBXTargetDependency */ = {
			isa = PBXTargetDependency;
			target = "StatKit::StatKit" /* StatKit */;
			targetProxy = 7F04AAED24C4781400DA4BAC /* PBXContainerItemProxy */;
		};
/* End PBXTargetDependency section */

/* Begin XCBuildConfiguration section */
		OBJ_3 /* Debug */ = {
			isa = XCBuildConfiguration;
			buildSettings = {
				ADDITIONAL_SDKS = "";
				CLANG_ENABLE_OBJC_ARC = YES;
				COMBINE_HIDPI_IMAGES = YES;
				COPY_PHASE_STRIP = NO;
				DEBUG_INFORMATION_FORMAT = dwarf;
				DYLIB_INSTALL_NAME_BASE = "@rpath";
				ENABLE_NS_ASSERTIONS = YES;
				GCC_OPTIMIZATION_LEVEL = 0;
				GCC_PREPROCESSOR_DEFINITIONS = (
					"$(inherited)",
					"SWIFT_PACKAGE=1",
					"DEBUG=1",
				);
				IPHONEOS_DEPLOYMENT_TARGET = 13.0;
				MACOSX_DEPLOYMENT_TARGET = 10.15;
				ONLY_ACTIVE_ARCH = YES;
				OTHER_SWIFT_FLAGS = "$(inherited) -DXcode";
				PRODUCT_NAME = "$(TARGET_NAME)";
				SDKROOT = macosx;
				SUPPORTED_PLATFORMS = "macosx iphoneos iphonesimulator appletvos appletvsimulator watchos watchsimulator";
				SWIFT_ACTIVE_COMPILATION_CONDITIONS = "$(inherited) SWIFT_PACKAGE DEBUG";
				SWIFT_OPTIMIZATION_LEVEL = "-Onone";
				SWIFT_VERSION = 5.0;
				TVOS_DEPLOYMENT_TARGET = 13.0;
				USE_HEADERMAP = NO;
				VALID_ARCHS = "i386 x86_64";
				WATCHOS_DEPLOYMENT_TARGET = 6.0;
			};
			name = Debug;
		};
		OBJ_4 /* Release */ = {
			isa = XCBuildConfiguration;
			buildSettings = {
				ADDITIONAL_SDKS = "";
				CLANG_ENABLE_OBJC_ARC = YES;
				COMBINE_HIDPI_IMAGES = YES;
				COPY_PHASE_STRIP = YES;
				DEBUG_INFORMATION_FORMAT = "dwarf-with-dsym";
				DYLIB_INSTALL_NAME_BASE = "@rpath";
				GCC_OPTIMIZATION_LEVEL = s;
				GCC_PREPROCESSOR_DEFINITIONS = (
					"$(inherited)",
					"SWIFT_PACKAGE=1",
				);
				IPHONEOS_DEPLOYMENT_TARGET = 13.0;
				MACOSX_DEPLOYMENT_TARGET = 10.15;
				OTHER_SWIFT_FLAGS = "$(inherited) -DXcode";
				PRODUCT_NAME = "$(TARGET_NAME)";
				SDKROOT = macosx;
				SUPPORTED_PLATFORMS = "macosx iphoneos iphonesimulator appletvos appletvsimulator watchos watchsimulator";
				SWIFT_ACTIVE_COMPILATION_CONDITIONS = "$(inherited) SWIFT_PACKAGE";
				SWIFT_OPTIMIZATION_LEVEL = "-Owholemodule";
				SWIFT_VERSION = 5.0;
				TVOS_DEPLOYMENT_TARGET = 13.0;
				USE_HEADERMAP = NO;
				VALID_ARCHS = "i386 x86_64";
				WATCHOS_DEPLOYMENT_TARGET = 6.0;
			};
			name = Release;
		};
		OBJ_50 /* Debug */ = {
			isa = XCBuildConfiguration;
			buildSettings = {
				CODE_SIGN_IDENTITY = "Apple Development";
				CODE_SIGN_STYLE = Automatic;
				DEVELOPMENT_TEAM = "";
				ENABLE_TESTABILITY = YES;
				FRAMEWORK_SEARCH_PATHS = (
					"$(inherited)",
					"$(PLATFORM_DIR)/Developer/Library/Frameworks",
				);
				HEADER_SEARCH_PATHS = "$(inherited)";
				INFOPLIST_FILE = StatKit.xcodeproj/StatKit_Info.plist;
				IPHONEOS_DEPLOYMENT_TARGET = 13.0;
				LD_RUNPATH_SEARCH_PATHS = "$(inherited) $(TOOLCHAIN_DIR)/usr/lib/swift/macosx";
				MACOSX_DEPLOYMENT_TARGET = 10.15;
				MARKETING_VERSION = 0.1.2;
				ONLY_ACTIVE_ARCH = YES;
				OTHER_CFLAGS = "$(inherited)";
				OTHER_LDFLAGS = "$(inherited)";
				OTHER_SWIFT_FLAGS = "$(inherited)";
				PRODUCT_BUNDLE_IDENTIFIER = StatKit;
				PRODUCT_MODULE_NAME = "$(TARGET_NAME:c99extidentifier)";
				PRODUCT_NAME = "$(TARGET_NAME:c99extidentifier)";
				PROVISIONING_PROFILE_SPECIFIER = "";
				SDKROOT = macosx;
				SKIP_INSTALL = YES;
				SWIFT_ACTIVE_COMPILATION_CONDITIONS = "$(inherited)";
				SWIFT_VERSION = 5.0;
				TARGET_NAME = StatKit;
				TVOS_DEPLOYMENT_TARGET = 13.0;
				VALID_ARCHS = "i386 x86_64";
				WATCHOS_DEPLOYMENT_TARGET = 6.0;
			};
			name = Debug;
		};
		OBJ_51 /* Release */ = {
			isa = XCBuildConfiguration;
			buildSettings = {
				CODE_SIGN_IDENTITY = "Apple Development";
				CODE_SIGN_STYLE = Automatic;
				DEVELOPMENT_TEAM = "";
				ENABLE_TESTABILITY = YES;
				FRAMEWORK_SEARCH_PATHS = (
					"$(inherited)",
					"$(PLATFORM_DIR)/Developer/Library/Frameworks",
				);
				HEADER_SEARCH_PATHS = "$(inherited)";
				INFOPLIST_FILE = StatKit.xcodeproj/StatKit_Info.plist;
				IPHONEOS_DEPLOYMENT_TARGET = 13.0;
				LD_RUNPATH_SEARCH_PATHS = "$(inherited) $(TOOLCHAIN_DIR)/usr/lib/swift/macosx";
				MACOSX_DEPLOYMENT_TARGET = 10.15;
				MARKETING_VERSION = 0.1.2;
				OTHER_CFLAGS = "$(inherited)";
				OTHER_LDFLAGS = "$(inherited)";
				OTHER_SWIFT_FLAGS = "$(inherited)";
				PRODUCT_BUNDLE_IDENTIFIER = StatKit;
				PRODUCT_MODULE_NAME = "$(TARGET_NAME:c99extidentifier)";
				PRODUCT_NAME = "$(TARGET_NAME:c99extidentifier)";
				PROVISIONING_PROFILE_SPECIFIER = "";
				SDKROOT = macosx;
				SKIP_INSTALL = YES;
				SWIFT_ACTIVE_COMPILATION_CONDITIONS = "$(inherited)";
				SWIFT_VERSION = 5.0;
				TARGET_NAME = StatKit;
				TVOS_DEPLOYMENT_TARGET = 13.0;
				VALID_ARCHS = "i386 x86_64";
				WATCHOS_DEPLOYMENT_TARGET = 6.0;
			};
			name = Release;
		};
		OBJ_68 /* Debug */ = {
			isa = XCBuildConfiguration;
			buildSettings = {
				LD = /usr/bin/true;
				MACOSX_DEPLOYMENT_TARGET = 10.15;
				OTHER_SWIFT_FLAGS = "-swift-version 5 -I $(TOOLCHAIN_DIR)/usr/lib/swift/pm/4_2 -target x86_64-apple-macosx10.10 -sdk /Applications/Xcode.app/Contents/Developer/Platforms/MacOSX.platform/Developer/SDKs/MacOSX10.15.sdk -package-description-version 5.2.0";
				SWIFT_VERSION = 5.0;
			};
			name = Debug;
		};
		OBJ_69 /* Release */ = {
			isa = XCBuildConfiguration;
			buildSettings = {
				LD = /usr/bin/true;
				MACOSX_DEPLOYMENT_TARGET = 10.15;
				OTHER_SWIFT_FLAGS = "-swift-version 5 -I $(TOOLCHAIN_DIR)/usr/lib/swift/pm/4_2 -target x86_64-apple-macosx10.10 -sdk /Applications/Xcode.app/Contents/Developer/Platforms/MacOSX.platform/Developer/SDKs/MacOSX10.15.sdk -package-description-version 5.2.0";
				SWIFT_VERSION = 5.0;
			};
			name = Release;
		};
		OBJ_74 /* Debug */ = {
			isa = XCBuildConfiguration;
			buildSettings = {
				MACOSX_DEPLOYMENT_TARGET = 10.15;
			};
			name = Debug;
		};
		OBJ_75 /* Release */ = {
			isa = XCBuildConfiguration;
			buildSettings = {
				MACOSX_DEPLOYMENT_TARGET = 10.15;
			};
			name = Release;
		};
		OBJ_79 /* Debug */ = {
			isa = XCBuildConfiguration;
			buildSettings = {
				CLANG_ENABLE_MODULES = YES;
				EMBEDDED_CONTENT_CONTAINS_SWIFT = YES;
				FRAMEWORK_SEARCH_PATHS = (
					"$(inherited)",
					"$(PLATFORM_DIR)/Developer/Library/Frameworks",
				);
				HEADER_SEARCH_PATHS = "$(inherited)";
				INFOPLIST_FILE = StatKit.xcodeproj/StatKitTests_Info.plist;
				IPHONEOS_DEPLOYMENT_TARGET = 13.0;
				LD_RUNPATH_SEARCH_PATHS = "$(inherited) @loader_path/../Frameworks @loader_path/Frameworks";
				MACOSX_DEPLOYMENT_TARGET = 10.15;
				OTHER_CFLAGS = "$(inherited)";
				OTHER_LDFLAGS = "$(inherited)";
				OTHER_SWIFT_FLAGS = "$(inherited)";
				SWIFT_ACTIVE_COMPILATION_CONDITIONS = "$(inherited)";
				SWIFT_VERSION = 5.0;
				TARGET_NAME = StatKitTests;
				TVOS_DEPLOYMENT_TARGET = 13.0;
				WATCHOS_DEPLOYMENT_TARGET = 6.0;
			};
			name = Debug;
		};
		OBJ_80 /* Release */ = {
			isa = XCBuildConfiguration;
			buildSettings = {
				CLANG_ENABLE_MODULES = YES;
				EMBEDDED_CONTENT_CONTAINS_SWIFT = YES;
				FRAMEWORK_SEARCH_PATHS = (
					"$(inherited)",
					"$(PLATFORM_DIR)/Developer/Library/Frameworks",
				);
				HEADER_SEARCH_PATHS = "$(inherited)";
				INFOPLIST_FILE = StatKit.xcodeproj/StatKitTests_Info.plist;
				IPHONEOS_DEPLOYMENT_TARGET = 13.0;
				LD_RUNPATH_SEARCH_PATHS = "$(inherited) @loader_path/../Frameworks @loader_path/Frameworks";
				MACOSX_DEPLOYMENT_TARGET = 10.15;
				OTHER_CFLAGS = "$(inherited)";
				OTHER_LDFLAGS = "$(inherited)";
				OTHER_SWIFT_FLAGS = "$(inherited)";
				SWIFT_ACTIVE_COMPILATION_CONDITIONS = "$(inherited)";
				SWIFT_VERSION = 5.0;
				TARGET_NAME = StatKitTests;
				TVOS_DEPLOYMENT_TARGET = 13.0;
				WATCHOS_DEPLOYMENT_TARGET = 6.0;
			};
			name = Release;
		};
/* End XCBuildConfiguration section */

/* Begin XCConfigurationList section */
		OBJ_2 /* Build configuration list for PBXProject "StatKit" */ = {
			isa = XCConfigurationList;
			buildConfigurations = (
				OBJ_3 /* Debug */,
				OBJ_4 /* Release */,
			);
			defaultConfigurationIsVisible = 0;
			defaultConfigurationName = Release;
		};
		OBJ_49 /* Build configuration list for PBXNativeTarget "StatKit" */ = {
			isa = XCConfigurationList;
			buildConfigurations = (
				OBJ_50 /* Debug */,
				OBJ_51 /* Release */,
			);
			defaultConfigurationIsVisible = 0;
			defaultConfigurationName = Release;
		};
		OBJ_67 /* Build configuration list for PBXNativeTarget "StatKitPackageDescription" */ = {
			isa = XCConfigurationList;
			buildConfigurations = (
				OBJ_68 /* Debug */,
				OBJ_69 /* Release */,
			);
			defaultConfigurationIsVisible = 0;
			defaultConfigurationName = Release;
		};
		OBJ_73 /* Build configuration list for PBXAggregateTarget "StatKitPackageTests" */ = {
			isa = XCConfigurationList;
			buildConfigurations = (
				OBJ_74 /* Debug */,
				OBJ_75 /* Release */,
			);
			defaultConfigurationIsVisible = 0;
			defaultConfigurationName = Release;
		};
		OBJ_78 /* Build configuration list for PBXNativeTarget "StatKitTests" */ = {
			isa = XCConfigurationList;
			buildConfigurations = (
				OBJ_79 /* Debug */,
				OBJ_80 /* Release */,
			);
			defaultConfigurationIsVisible = 0;
			defaultConfigurationName = Release;
		};
/* End XCConfigurationList section */
	};
	rootObject = OBJ_1 /* Project object */;
}
