// !$*UTF8*$!
{
	archiveVersion = 1;
	classes = {
	};
	objectVersion = 46;
	objects = {

/* Begin PBXAggregateTarget section */
		"StatKit::StatKitPackageTests::ProductTarget" /* StatKitPackageTests */ = {
			isa = PBXAggregateTarget;
			buildConfigurationList = OBJ_63 /* Build configuration list for PBXAggregateTarget "StatKitPackageTests" */;
			buildPhases = (
			);
			dependencies = (
				OBJ_66 /* PBXTargetDependency */,
			);
			name = StatKitPackageTests;
			productName = StatKitPackageTests;
		};
/* End PBXAggregateTarget section */

/* Begin PBXBuildFile section */
		OBJ_46 /* DataSetComposition.swift in Sources */ = {isa = PBXBuildFile; fileRef = OBJ_9 /* DataSetComposition.swift */; };
		OBJ_47 /* Averages.swift in Sources */ = {isa = PBXBuildFile; fileRef = OBJ_12 /* Averages.swift */; };
		OBJ_48 /* MeanType.swift in Sources */ = {isa = PBXBuildFile; fileRef = OBJ_13 /* MeanType.swift */; };
		OBJ_49 /* Correlation.swift in Sources */ = {isa = PBXBuildFile; fileRef = OBJ_15 /* Correlation.swift */; };
		OBJ_50 /* CorrelationCoefficientMethod.swift in Sources */ = {isa = PBXBuildFile; fileRef = OBJ_16 /* CorrelationCoefficientMethod.swift */; };
		OBJ_51 /* PearsonCorrelationCalculator.swift in Sources */ = {isa = PBXBuildFile; fileRef = OBJ_17 /* PearsonCorrelationCalculator.swift */; };
		OBJ_52 /* Summation.swift in Sources */ = {isa = PBXBuildFile; fileRef = OBJ_19 /* Summation.swift */; };
		OBJ_53 /* Variability.swift in Sources */ = {isa = PBXBuildFile; fileRef = OBJ_21 /* Variability.swift */; };
		OBJ_54 /* ConvertibleToReal.swift in Sources */ = {isa = PBXBuildFile; fileRef = OBJ_23 /* ConvertibleToReal.swift */; };
		OBJ_61 /* Package.swift in Sources */ = {isa = PBXBuildFile; fileRef = OBJ_6 /* Package.swift */; };
		OBJ_72 /* AveragesTests.swift in Sources */ = {isa = PBXBuildFile; fileRef = OBJ_27 /* AveragesTests.swift */; };
		OBJ_73 /* CorrelationTests.swift in Sources */ = {isa = PBXBuildFile; fileRef = OBJ_28 /* CorrelationTests.swift */; };
		OBJ_74 /* CovarianceTests.swift in Sources */ = {isa = PBXBuildFile; fileRef = OBJ_29 /* CovarianceTests.swift */; };
		OBJ_75 /* SummationTests.swift in Sources */ = {isa = PBXBuildFile; fileRef = OBJ_30 /* SummationTests.swift */; };
		OBJ_76 /* VariabilityTests.swift in Sources */ = {isa = PBXBuildFile; fileRef = OBJ_31 /* VariabilityTests.swift */; };
		OBJ_77 /* XCTestManifests.swift in Sources */ = {isa = PBXBuildFile; fileRef = OBJ_32 /* XCTestManifests.swift */; };
		OBJ_79 /* StatKit.framework in Frameworks */ = {isa = PBXBuildFile; fileRef = "StatKit::StatKit::Product" /* StatKit.framework */; };
/* End PBXBuildFile section */

/* Begin PBXContainerItemProxy section */
		7F37B38924B91D3F00A9D8B8 /* PBXContainerItemProxy */ = {
			isa = PBXContainerItemProxy;
			containerPortal = OBJ_1 /* Project object */;
			proxyType = 1;
			remoteGlobalIDString = "StatKit::StatKit";
			remoteInfo = StatKit;
		};
		7F37B38A24B91D4100A9D8B8 /* PBXContainerItemProxy */ = {
			isa = PBXContainerItemProxy;
			containerPortal = OBJ_1 /* Project object */;
			proxyType = 1;
			remoteGlobalIDString = "StatKit::StatKitTests";
			remoteInfo = StatKitTests;
		};
/* End PBXContainerItemProxy section */

/* Begin PBXFileReference section */
		OBJ_12 /* Averages.swift */ = {isa = PBXFileReference; lastKnownFileType = sourcecode.swift; path = Averages.swift; sourceTree = "<group>"; };
		OBJ_13 /* MeanType.swift */ = {isa = PBXFileReference; lastKnownFileType = sourcecode.swift; path = MeanType.swift; sourceTree = "<group>"; };
		OBJ_15 /* Correlation.swift */ = {isa = PBXFileReference; lastKnownFileType = sourcecode.swift; path = Correlation.swift; sourceTree = "<group>"; };
		OBJ_16 /* CorrelationCoefficientMethod.swift */ = {isa = PBXFileReference; lastKnownFileType = sourcecode.swift; path = CorrelationCoefficientMethod.swift; sourceTree = "<group>"; };
		OBJ_17 /* PearsonCorrelationCalculator.swift */ = {isa = PBXFileReference; lastKnownFileType = sourcecode.swift; path = PearsonCorrelationCalculator.swift; sourceTree = "<group>"; };
		OBJ_19 /* Summation.swift */ = {isa = PBXFileReference; lastKnownFileType = sourcecode.swift; path = Summation.swift; sourceTree = "<group>"; };
		OBJ_21 /* Variability.swift */ = {isa = PBXFileReference; lastKnownFileType = sourcecode.swift; path = Variability.swift; sourceTree = "<group>"; };
		OBJ_23 /* ConvertibleToReal.swift */ = {isa = PBXFileReference; lastKnownFileType = sourcecode.swift; path = ConvertibleToReal.swift; sourceTree = "<group>"; };
		OBJ_27 /* AveragesTests.swift */ = {isa = PBXFileReference; lastKnownFileType = sourcecode.swift; path = AveragesTests.swift; sourceTree = "<group>"; };
		OBJ_28 /* CorrelationTests.swift */ = {isa = PBXFileReference; lastKnownFileType = sourcecode.swift; path = CorrelationTests.swift; sourceTree = "<group>"; };
		OBJ_29 /* CovarianceTests.swift */ = {isa = PBXFileReference; lastKnownFileType = sourcecode.swift; path = CovarianceTests.swift; sourceTree = "<group>"; };
		OBJ_30 /* SummationTests.swift */ = {isa = PBXFileReference; lastKnownFileType = sourcecode.swift; path = SummationTests.swift; sourceTree = "<group>"; };
		OBJ_31 /* VariabilityTests.swift */ = {isa = PBXFileReference; lastKnownFileType = sourcecode.swift; path = VariabilityTests.swift; sourceTree = "<group>"; };
		OBJ_32 /* XCTestManifests.swift */ = {isa = PBXFileReference; lastKnownFileType = sourcecode.swift; path = XCTestManifests.swift; sourceTree = "<group>"; };
		OBJ_36 /* DerivedData */ = {isa = PBXFileReference; lastKnownFileType = folder; path = DerivedData; sourceTree = SOURCE_ROOT; };
		OBJ_37 /* StatKit Logo.png */ = {isa = PBXFileReference; lastKnownFileType = image.png; path = "StatKit Logo.png"; sourceTree = "<group>"; };
		OBJ_38 /* LICENSE */ = {isa = PBXFileReference; lastKnownFileType = text; path = LICENSE; sourceTree = "<group>"; };
		OBJ_39 /* README.md */ = {isa = PBXFileReference; lastKnownFileType = net.daringfireball.markdown; path = README.md; sourceTree = "<group>"; };
		OBJ_40 /* StatKit.podspec */ = {isa = PBXFileReference; lastKnownFileType = text; path = StatKit.podspec; sourceTree = "<group>"; };
		OBJ_6 /* Package.swift */ = {isa = PBXFileReference; explicitFileType = sourcecode.swift; path = Package.swift; sourceTree = "<group>"; };
		OBJ_9 /* DataSetComposition.swift */ = {isa = PBXFileReference; lastKnownFileType = sourcecode.swift; path = DataSetComposition.swift; sourceTree = "<group>"; };
		"StatKit::StatKit::Product" /* StatKit.framework */ = {isa = PBXFileReference; explicitFileType = wrapper.framework; path = StatKit.framework; sourceTree = BUILT_PRODUCTS_DIR; };
		"StatKit::StatKitTests::Product" /* StatKitTests.xctest */ = {isa = PBXFileReference; lastKnownFileType = file; path = StatKitTests.xctest; sourceTree = BUILT_PRODUCTS_DIR; };
/* End PBXFileReference section */

/* Begin PBXFrameworksBuildPhase section */
		OBJ_55 /* Frameworks */ = {
			isa = PBXFrameworksBuildPhase;
			buildActionMask = 0;
			files = (
			);
			runOnlyForDeploymentPostprocessing = 0;
		};
		OBJ_78 /* Frameworks */ = {
			isa = PBXFrameworksBuildPhase;
			buildActionMask = 0;
			files = (
				OBJ_79 /* StatKit.framework in Frameworks */,
			);
			runOnlyForDeploymentPostprocessing = 0;
		};
/* End PBXFrameworksBuildPhase section */

/* Begin PBXGroup section */
		OBJ_10 /* Descriptive Statistics */ = {
			isa = PBXGroup;
			children = (
				OBJ_11 /* Central Tendency */,
				OBJ_14 /* Correlation */,
				OBJ_18 /* Summation */,
				OBJ_20 /* Variability */,
			);
			path = "Descriptive Statistics";
			sourceTree = "<group>";
		};
		OBJ_11 /* Central Tendency */ = {
			isa = PBXGroup;
			children = (
				OBJ_12 /* Averages.swift */,
				OBJ_13 /* MeanType.swift */,
			);
			path = "Central Tendency";
			sourceTree = "<group>";
		};
		OBJ_14 /* Correlation */ = {
			isa = PBXGroup;
			children = (
				OBJ_15 /* Correlation.swift */,
				OBJ_16 /* CorrelationCoefficientMethod.swift */,
				OBJ_17 /* PearsonCorrelationCalculator.swift */,
			);
			path = Correlation;
			sourceTree = "<group>";
		};
		OBJ_18 /* Summation */ = {
			isa = PBXGroup;
			children = (
				OBJ_19 /* Summation.swift */,
			);
			path = Summation;
			sourceTree = "<group>";
		};
		OBJ_20 /* Variability */ = {
			isa = PBXGroup;
			children = (
				OBJ_21 /* Variability.swift */,
			);
			path = Variability;
			sourceTree = "<group>";
		};
		OBJ_22 /* Protocols */ = {
			isa = PBXGroup;
			children = (
				OBJ_23 /* ConvertibleToReal.swift */,
			);
			path = Protocols;
			sourceTree = "<group>";
		};
		OBJ_24 /* Tests */ = {
			isa = PBXGroup;
			children = (
				OBJ_25 /* StatKitTests */,
			);
			name = Tests;
			sourceTree = SOURCE_ROOT;
		};
		OBJ_25 /* StatKitTests */ = {
			isa = PBXGroup;
			children = (
				OBJ_26 /* Descriptive Statistics Tests */,
				OBJ_32 /* XCTestManifests.swift */,
			);
			name = StatKitTests;
			path = Tests/StatKitTests;
			sourceTree = SOURCE_ROOT;
		};
		OBJ_26 /* Descriptive Statistics Tests */ = {
			isa = PBXGroup;
			children = (
				OBJ_27 /* AveragesTests.swift */,
				OBJ_28 /* CorrelationTests.swift */,
				OBJ_29 /* CovarianceTests.swift */,
				OBJ_30 /* SummationTests.swift */,
				OBJ_31 /* VariabilityTests.swift */,
			);
			path = "Descriptive Statistics Tests";
			sourceTree = "<group>";
		};
		OBJ_33 /* Products */ = {
			isa = PBXGroup;
			children = (
				"StatKit::StatKitTests::Product" /* StatKitTests.xctest */,
				"StatKit::StatKit::Product" /* StatKit.framework */,
			);
			name = Products;
			sourceTree = BUILT_PRODUCTS_DIR;
		};
		OBJ_5 = {
			isa = PBXGroup;
			children = (
				OBJ_6 /* Package.swift */,
				OBJ_7 /* Sources */,
				OBJ_24 /* Tests */,
				OBJ_33 /* Products */,
				OBJ_36 /* DerivedData */,
				OBJ_37 /* StatKit Logo.png */,
				OBJ_38 /* LICENSE */,
				OBJ_39 /* README.md */,
				OBJ_40 /* StatKit.podspec */,
			);
			sourceTree = "<group>";
		};
		OBJ_7 /* Sources */ = {
			isa = PBXGroup;
			children = (
				OBJ_8 /* StatKit */,
			);
			name = Sources;
			sourceTree = SOURCE_ROOT;
		};
		OBJ_8 /* StatKit */ = {
			isa = PBXGroup;
			children = (
				OBJ_9 /* DataSetComposition.swift */,
				OBJ_10 /* Descriptive Statistics */,
				OBJ_22 /* Protocols */,
			);
			name = StatKit;
			path = Sources/StatKit;
			sourceTree = SOURCE_ROOT;
		};
/* End PBXGroup section */

/* Begin PBXNativeTarget section */
		"StatKit::StatKit" /* StatKit */ = {
			isa = PBXNativeTarget;
			buildConfigurationList = OBJ_42 /* Build configuration list for PBXNativeTarget "StatKit" */;
			buildPhases = (
				OBJ_45 /* Sources */,
				OBJ_55 /* Frameworks */,
			);
			buildRules = (
			);
			dependencies = (
			);
			name = StatKit;
			productName = StatKit;
			productReference = "StatKit::StatKit::Product" /* StatKit.framework */;
			productType = "com.apple.product-type.framework";
		};
		"StatKit::StatKitTests" /* StatKitTests */ = {
			isa = PBXNativeTarget;
			buildConfigurationList = OBJ_68 /* Build configuration list for PBXNativeTarget "StatKitTests" */;
			buildPhases = (
				OBJ_71 /* Sources */,
				OBJ_78 /* Frameworks */,
			);
			buildRules = (
			);
			dependencies = (
				OBJ_80 /* PBXTargetDependency */,
			);
			name = StatKitTests;
			productName = StatKitTests;
			productReference = "StatKit::StatKitTests::Product" /* StatKitTests.xctest */;
			productType = "com.apple.product-type.bundle.unit-test";
		};
		"StatKit::SwiftPMPackageDescription" /* StatKitPackageDescription */ = {
			isa = PBXNativeTarget;
			buildConfigurationList = OBJ_57 /* Build configuration list for PBXNativeTarget "StatKitPackageDescription" */;
			buildPhases = (
				OBJ_60 /* Sources */,
			);
			buildRules = (
			);
			dependencies = (
			);
			name = StatKitPackageDescription;
			productName = StatKitPackageDescription;
			productType = "com.apple.product-type.framework";
		};
/* End PBXNativeTarget section */

/* Begin PBXProject section */
		OBJ_1 /* Project object */ = {
			isa = PBXProject;
			attributes = {
				LastSwiftMigration = 9999;
				LastUpgradeCheck = 9999;
			};
			buildConfigurationList = OBJ_2 /* Build configuration list for PBXProject "StatKit" */;
			compatibilityVersion = "Xcode 3.2";
			developmentRegion = en;
			hasScannedForEncodings = 0;
			knownRegions = (
				en,
			);
			mainGroup = OBJ_5;
			productRefGroup = OBJ_33 /* Products */;
			projectDirPath = "";
			projectRoot = "";
			targets = (
				"StatKit::StatKit" /* StatKit */,
				"StatKit::SwiftPMPackageDescription" /* StatKitPackageDescription */,
				"StatKit::StatKitPackageTests::ProductTarget" /* StatKitPackageTests */,
				"StatKit::StatKitTests" /* StatKitTests */,
			);
		};
/* End PBXProject section */

/* Begin PBXSourcesBuildPhase section */
		OBJ_45 /* Sources */ = {
			isa = PBXSourcesBuildPhase;
			buildActionMask = 0;
			files = (
				OBJ_46 /* DataSetComposition.swift in Sources */,
				OBJ_47 /* Averages.swift in Sources */,
				OBJ_48 /* MeanType.swift in Sources */,
				OBJ_49 /* Correlation.swift in Sources */,
				OBJ_50 /* CorrelationCoefficientMethod.swift in Sources */,
				OBJ_51 /* PearsonCorrelationCalculator.swift in Sources */,
				OBJ_52 /* Summation.swift in Sources */,
				OBJ_53 /* Variability.swift in Sources */,
				OBJ_54 /* ConvertibleToReal.swift in Sources */,
			);
			runOnlyForDeploymentPostprocessing = 0;
		};
		OBJ_60 /* Sources */ = {
			isa = PBXSourcesBuildPhase;
			buildActionMask = 0;
			files = (
				OBJ_61 /* Package.swift in Sources */,
			);
			runOnlyForDeploymentPostprocessing = 0;
		};
		OBJ_71 /* Sources */ = {
			isa = PBXSourcesBuildPhase;
			buildActionMask = 0;
			files = (
				OBJ_72 /* AveragesTests.swift in Sources */,
				OBJ_73 /* CorrelationTests.swift in Sources */,
				OBJ_74 /* CovarianceTests.swift in Sources */,
				OBJ_75 /* SummationTests.swift in Sources */,
				OBJ_76 /* VariabilityTests.swift in Sources */,
				OBJ_77 /* XCTestManifests.swift in Sources */,
			);
			runOnlyForDeploymentPostprocessing = 0;
		};
/* End PBXSourcesBuildPhase section */

/* Begin PBXTargetDependency section */
		OBJ_66 /* PBXTargetDependency */ = {
			isa = PBXTargetDependency;
			target = "StatKit::StatKitTests" /* StatKitTests */;
			targetProxy = 7F37B38A24B91D4100A9D8B8 /* PBXContainerItemProxy */;
		};
		OBJ_80 /* PBXTargetDependency */ = {
			isa = PBXTargetDependency;
			target = "StatKit::StatKit" /* StatKit */;
			targetProxy = 7F37B38924B91D3F00A9D8B8 /* PBXContainerItemProxy */;
		};
/* End PBXTargetDependency section */

/* Begin XCBuildConfiguration section */
		OBJ_3 /* Debug */ = {
			isa = XCBuildConfiguration;
			buildSettings = {
				CLANG_ENABLE_OBJC_ARC = YES;
				COMBINE_HIDPI_IMAGES = YES;
				COPY_PHASE_STRIP = NO;
				DEBUG_INFORMATION_FORMAT = dwarf;
				DYLIB_INSTALL_NAME_BASE = "@rpath";
				ENABLE_NS_ASSERTIONS = YES;
				GCC_OPTIMIZATION_LEVEL = 0;
				GCC_PREPROCESSOR_DEFINITIONS = (
					"$(inherited)",
					"SWIFT_PACKAGE=1",
					"DEBUG=1",
				);
				MACOSX_DEPLOYMENT_TARGET = 10.15;
				ONLY_ACTIVE_ARCH = YES;
				OTHER_SWIFT_FLAGS = "$(inherited) -DXcode";
				PRODUCT_NAME = "$(TARGET_NAME)";
				SDKROOT = macosx;
				SUPPORTED_PLATFORMS = "macosx iphoneos iphonesimulator appletvos appletvsimulator watchos watchsimulator";
				SWIFT_ACTIVE_COMPILATION_CONDITIONS = "$(inherited) SWIFT_PACKAGE DEBUG";
				SWIFT_OPTIMIZATION_LEVEL = "-Onone";
				USE_HEADERMAP = NO;
			};
			name = Debug;
		};
		OBJ_4 /* Release */ = {
			isa = XCBuildConfiguration;
			buildSettings = {
				CLANG_ENABLE_OBJC_ARC = YES;
				COMBINE_HIDPI_IMAGES = YES;
				COPY_PHASE_STRIP = YES;
				DEBUG_INFORMATION_FORMAT = "dwarf-with-dsym";
				DYLIB_INSTALL_NAME_BASE = "@rpath";
				GCC_OPTIMIZATION_LEVEL = s;
				GCC_PREPROCESSOR_DEFINITIONS = (
					"$(inherited)",
					"SWIFT_PACKAGE=1",
				);
				MACOSX_DEPLOYMENT_TARGET = 10.15;
				OTHER_SWIFT_FLAGS = "$(inherited) -DXcode";
				PRODUCT_NAME = "$(TARGET_NAME)";
				SDKROOT = macosx;
				SUPPORTED_PLATFORMS = "macosx iphoneos iphonesimulator appletvos appletvsimulator watchos watchsimulator";
				SWIFT_ACTIVE_COMPILATION_CONDITIONS = "$(inherited) SWIFT_PACKAGE";
				SWIFT_OPTIMIZATION_LEVEL = "-Owholemodule";
				USE_HEADERMAP = NO;
			};
			name = Release;
		};
		OBJ_43 /* Debug */ = {
			isa = XCBuildConfiguration;
			buildSettings = {
				CURRENT_PROJECT_VERSION = 1;
				ENABLE_TESTABILITY = YES;
				FRAMEWORK_SEARCH_PATHS = (
					"$(inherited)",
					"$(PLATFORM_DIR)/Developer/Library/Frameworks",
				);
				HEADER_SEARCH_PATHS = "$(inherited)";
				INFOPLIST_FILE = StatKit.xcodeproj/StatKit_Info.plist;
				IPHONEOS_DEPLOYMENT_TARGET = 13.0;
				LD_RUNPATH_SEARCH_PATHS = "$(inherited) $(TOOLCHAIN_DIR)/usr/lib/swift/macosx";
				MACOSX_DEPLOYMENT_TARGET = 10.15;
				MARKETING_VERSION = 0.1.2;
				OTHER_CFLAGS = "$(inherited)";
				OTHER_LDFLAGS = "$(inherited)";
				OTHER_SWIFT_FLAGS = "$(inherited)";
				PRODUCT_BUNDLE_IDENTIFIER = StatKit;
				PRODUCT_MODULE_NAME = "$(TARGET_NAME:c99extidentifier)";
				PRODUCT_NAME = "$(TARGET_NAME:c99extidentifier)";
				SKIP_INSTALL = YES;
				SWIFT_ACTIVE_COMPILATION_CONDITIONS = "$(inherited)";
				SWIFT_VERSION = 5.0;
				TARGET_NAME = StatKit;
				TVOS_DEPLOYMENT_TARGET = 13.0;
				WATCHOS_DEPLOYMENT_TARGET = 6.0;
			};
			name = Debug;
		};
		OBJ_44 /* Release */ = {
			isa = XCBuildConfiguration;
			buildSettings = {
				CURRENT_PROJECT_VERSION = 1;
				ENABLE_TESTABILITY = YES;
				FRAMEWORK_SEARCH_PATHS = (
					"$(inherited)",
					"$(PLATFORM_DIR)/Developer/Library/Frameworks",
				);
				HEADER_SEARCH_PATHS = "$(inherited)";
				INFOPLIST_FILE = StatKit.xcodeproj/StatKit_Info.plist;
				IPHONEOS_DEPLOYMENT_TARGET = 13.0;
				LD_RUNPATH_SEARCH_PATHS = "$(inherited) $(TOOLCHAIN_DIR)/usr/lib/swift/macosx";
				MACOSX_DEPLOYMENT_TARGET = 10.15;
				MARKETING_VERSION = 0.1.2;
				OTHER_CFLAGS = "$(inherited)";
				OTHER_LDFLAGS = "$(inherited)";
				OTHER_SWIFT_FLAGS = "$(inherited)";
				PRODUCT_BUNDLE_IDENTIFIER = StatKit;
				PRODUCT_MODULE_NAME = "$(TARGET_NAME:c99extidentifier)";
				PRODUCT_NAME = "$(TARGET_NAME:c99extidentifier)";
				SKIP_INSTALL = YES;
				SWIFT_ACTIVE_COMPILATION_CONDITIONS = "$(inherited)";
				SWIFT_VERSION = 5.0;
				TARGET_NAME = StatKit;
				TVOS_DEPLOYMENT_TARGET = 13.0;
				WATCHOS_DEPLOYMENT_TARGET = 6.0;
			};
			name = Release;
		};
		OBJ_58 /* Debug */ = {
			isa = XCBuildConfiguration;
			buildSettings = {
				LD = /usr/bin/true;
				OTHER_SWIFT_FLAGS = "-swift-version 5 -I $(TOOLCHAIN_DIR)/usr/lib/swift/pm/4_2 -target x86_64-apple-macosx10.10 -sdk /Applications/Xcode.app/Contents/Developer/Platforms/MacOSX.platform/Developer/SDKs/MacOSX10.15.sdk -package-description-version 5.2.0";
				SWIFT_VERSION = 5.0;
			};
			name = Debug;
		};
		OBJ_59 /* Release */ = {
			isa = XCBuildConfiguration;
			buildSettings = {
				LD = /usr/bin/true;
				OTHER_SWIFT_FLAGS = "-swift-version 5 -I $(TOOLCHAIN_DIR)/usr/lib/swift/pm/4_2 -target x86_64-apple-macosx10.10 -sdk /Applications/Xcode.app/Contents/Developer/Platforms/MacOSX.platform/Developer/SDKs/MacOSX10.15.sdk -package-description-version 5.2.0";
				SWIFT_VERSION = 5.0;
			};
			name = Release;
		};
		OBJ_64 /* Debug */ = {
			isa = XCBuildConfiguration;
			buildSettings = {
			};
			name = Debug;
		};
		OBJ_65 /* Release */ = {
			isa = XCBuildConfiguration;
			buildSettings = {
			};
			name = Release;
		};
		OBJ_69 /* Debug */ = {
			isa = XCBuildConfiguration;
			buildSettings = {
				CLANG_ENABLE_MODULES = YES;
				EMBEDDED_CONTENT_CONTAINS_SWIFT = YES;
				FRAMEWORK_SEARCH_PATHS = (
					"$(inherited)",
					"$(PLATFORM_DIR)/Developer/Library/Frameworks",
				);
				HEADER_SEARCH_PATHS = "$(inherited)";
				INFOPLIST_FILE = StatKit.xcodeproj/StatKitTests_Info.plist;
				IPHONEOS_DEPLOYMENT_TARGET = 13.0;
				LD_RUNPATH_SEARCH_PATHS = "$(inherited) @loader_path/../Frameworks @loader_path/Frameworks";
				MACOSX_DEPLOYMENT_TARGET = 10.15;
				OTHER_CFLAGS = "$(inherited)";
				OTHER_LDFLAGS = "$(inherited)";
				OTHER_SWIFT_FLAGS = "$(inherited)";
				SWIFT_ACTIVE_COMPILATION_CONDITIONS = "$(inherited)";
				SWIFT_VERSION = 5.0;
				TARGET_NAME = StatKitTests;
				TVOS_DEPLOYMENT_TARGET = 13.0;
				WATCHOS_DEPLOYMENT_TARGET = 6.0;
			};
			name = Debug;
		};
		OBJ_70 /* Release */ = {
			isa = XCBuildConfiguration;
			buildSettings = {
				CLANG_ENABLE_MODULES = YES;
				EMBEDDED_CONTENT_CONTAINS_SWIFT = YES;
				FRAMEWORK_SEARCH_PATHS = (
					"$(inherited)",
					"$(PLATFORM_DIR)/Developer/Library/Frameworks",
				);
				HEADER_SEARCH_PATHS = "$(inherited)";
				INFOPLIST_FILE = StatKit.xcodeproj/StatKitTests_Info.plist;
				IPHONEOS_DEPLOYMENT_TARGET = 13.0;
				LD_RUNPATH_SEARCH_PATHS = "$(inherited) @loader_path/../Frameworks @loader_path/Frameworks";
				MACOSX_DEPLOYMENT_TARGET = 10.15;
				OTHER_CFLAGS = "$(inherited)";
				OTHER_LDFLAGS = "$(inherited)";
				OTHER_SWIFT_FLAGS = "$(inherited)";
				SWIFT_ACTIVE_COMPILATION_CONDITIONS = "$(inherited)";
				SWIFT_VERSION = 5.0;
				TARGET_NAME = StatKitTests;
				TVOS_DEPLOYMENT_TARGET = 13.0;
				WATCHOS_DEPLOYMENT_TARGET = 6.0;
			};
			name = Release;
		};
/* End XCBuildConfiguration section */

/* Begin XCConfigurationList section */
		OBJ_2 /* Build configuration list for PBXProject "StatKit" */ = {
			isa = XCConfigurationList;
			buildConfigurations = (
				OBJ_3 /* Debug */,
				OBJ_4 /* Release */,
			);
			defaultConfigurationIsVisible = 0;
			defaultConfigurationName = Release;
		};
		OBJ_42 /* Build configuration list for PBXNativeTarget "StatKit" */ = {
			isa = XCConfigurationList;
			buildConfigurations = (
				OBJ_43 /* Debug */,
				OBJ_44 /* Release */,
			);
			defaultConfigurationIsVisible = 0;
			defaultConfigurationName = Release;
		};
		OBJ_57 /* Build configuration list for PBXNativeTarget "StatKitPackageDescription" */ = {
			isa = XCConfigurationList;
			buildConfigurations = (
				OBJ_58 /* Debug */,
				OBJ_59 /* Release */,
			);
			defaultConfigurationIsVisible = 0;
			defaultConfigurationName = Release;
		};
		OBJ_63 /* Build configuration list for PBXAggregateTarget "StatKitPackageTests" */ = {
			isa = XCConfigurationList;
			buildConfigurations = (
				OBJ_64 /* Debug */,
				OBJ_65 /* Release */,
			);
			defaultConfigurationIsVisible = 0;
			defaultConfigurationName = Release;
		};
		OBJ_68 /* Build configuration list for PBXNativeTarget "StatKitTests" */ = {
			isa = XCConfigurationList;
			buildConfigurations = (
				OBJ_69 /* Debug */,
				OBJ_70 /* Release */,
			);
			defaultConfigurationIsVisible = 0;
			defaultConfigurationName = Release;
		};
/* End XCConfigurationList section */
	};
	rootObject = OBJ_1 /* Project object */;
}
